# THIS IS AN AUTOGENERATED FILE. DO NOT EDIT THIS FILE DIRECTLY.
# yarn lockfile v1


"@types/bun@latest":
  version "1.2.19"
  resolved "https://registry.yarnpkg.com/@types/bun/-/bun-1.2.19.tgz#3fb37a59e56d5dd2276653db5b6a022989b6e465"
  integrity sha512-d9ZCmrH3CJ2uYKXQIUuZ/pUnTqIvLDS0SK7pFmbx8ma+ziH/FRMoAq5bYpRG7y+w1gl+HgyNZbtqgMq4W4e2Lg==
  dependencies:
    bun-types "1.2.19"

"@types/node@*":
  version "24.2.1"
  resolved "https://registry.yarnpkg.com/@types/node/-/node-24.2.1.tgz#83e41543f0a518e006594bb394e2cd961de56727"
  integrity sha512-DRh5K+ka5eJic8CjH7td8QpYEV6Zo10gfRkjHCO3weqZHWDtAaSTFtl4+VMqOJ4N5jcuhZ9/l+yy8rVgw7BQeQ==
  dependencies:
    undici-types "~7.10.0"

bun-types@1.2.19:
  version "1.2.19"
  resolved "https://registry.yarnpkg.com/bun-types/-/bun-types-1.2.19.tgz#0cecd78ed08bae389cc902ae3a5617c390b0fab6"
  integrity sha512-uAOTaZSPuYsWIXRpj7o56Let0g/wjihKCkeRqUBhlLVM/Bt+Fj9xTo+LhC1OV1XDaGkz4hNC80et5xgy+9KTHQ==
  dependencies:
    "@types/node" "*"

hono@^4.9.0:
  version "4.9.0"
  resolved "https://registry.yarnpkg.com/hono/-/hono-4.9.0.tgz#dee39d4a1859ef00dfec6e8b9bd4b0ef2e134870"
  integrity sha512-JAUc4Sqi3lhby2imRL/67LMcJFKiCu7ZKghM7iwvltVZzxEC5bVJCsAa4NTnSfmWGb+N2eOVtFE586R+K3fejA==

undici-types@~7.10.0:
  version "7.10.0"
  resolved "https://registry.yarnpkg.com/undici-types/-/undici-types-7.10.0.tgz#4ac2e058ce56b462b056e629cc6a02393d3ff350"
  integrity sha512-t5Fy/nfn+14LuOc2KNYg75vZqClpAiqscVvMygNnlsHBFpSXdJaYtXMcdNLpl/Qvc3P2cB3s6lOV51nqsFq4ag==
